
Microsoft Visual Studio Solution File, Format Version 12.00
# Visual Studio Version 16
VisualStudioVersion = 16.0.31727.386
MinimumVisualStudioVersion = 10.0.40219.1
Project("{FAE04EC0-301F-11D3-BF4B-00C04F79EFBC}") = "App3.Android", "App3.Android\App3.Android.csproj", "{997D1420-384B-4C27-B824-7ADFB8F1F567}"
EndProject
Project("{FAE04EC0-301F-11D3-BF4B-00C04F79EFBC}") = "App3.iOS", "App3.iOS\App3.iOS.csproj", "{943B6FAA-E32A-4DF2-9403-09557930457C}"
EndProject
Project("{9A19103F-16F7-4668-BE54-9A1E7A4F7556}") = "App3", "App3\App3.csproj", "{285FE28E-BF2F-471F-8D78-0F04311AF8A1}"
EndProject
Global
	GlobalSection(SolutionConfigurationPlatforms) = preSolution
		Debug|Any CPU = Debug|Any CPU
		Debug|iPhone = Debug|iPhone
		Debug|iPhoneSimulator = Debug|iPhoneSimulator
		Release|Any CPU = Release|Any CPU
		Release|iPhone = Release|iPhone
		Release|iPhoneSimulator = Release|iPhoneSimulator
	EndGlobalSection
	GlobalSection(ProjectConfigurationPlatforms) = postSolution
		{997D1420-384B-4C27-B824-7ADFB8F1F567}.Debug|Any CPU.ActiveCfg = Debug|Any CPU
		{997D1420-384B-4C27-B824-7ADFB8F1F567}.Debug|Any CPU.Build.0 = Debug|Any CPU
		{997D1420-384B-4C27-B824-7ADFB8F1F567}.Debug|Any CPU.Deploy.0 = Debug|Any CPU
		{997D1420-384B-4C27-B824-7ADFB8F1F567}.Debug|iPhone.ActiveCfg = Debug|Any CPU
		{997D1420-384B-4C27-B824-7ADFB8F1F567}.Debug|iPhone.Build.0 = Debug|Any CPU
		{997D1420-384B-4C27-B824-7ADFB8F1F567}.Debug|iPhone.Deploy.0 = Debug|Any CPU
		{997D1420-384B-4C27-B824-7ADFB8F1F567}.Debug|iPhoneSimulator.ActiveCfg = Debug|Any CPU
		{997D1420-384B-4C27-B824-7ADFB8F1F567}.Debug|iPhoneSimulator.Build.0 = Debug|Any CPU
		{997D1420-384B-4C27-B824-7ADFB8F1F567}.Debug|iPhoneSimulator.Deploy.0 = Debug|Any CPU
		{997D1420-384B-4C27-B824-7ADFB8F1F567}.Release|Any CPU.ActiveCfg = Release|Any CPU
		{997D1420-384B-4C27-B824-7ADFB8F1F567}.Release|Any CPU.Build.0 = Release|Any CPU
		{997D1420-384B-4C27-B824-7ADFB8F1F567}.Release|Any CPU.Deploy.0 = Release|Any CPU
		{997D1420-384B-4C27-B824-7ADFB8F1F567}.Release|iPhone.ActiveCfg = Release|Any CPU
		{997D1420-384B-4C27-B824-7ADFB8F1F567}.Release|iPhone.Build.0 = Release|Any CPU
		{997D1420-384B-4C27-B824-7ADFB8F1F567}.Release|iPhone.Deploy.0 = Release|Any CPU
		{997D1420-384B-4C27-B824-7ADFB8F1F567}.Release|iPhoneSimulator.ActiveCfg = Release|Any CPU
		{997D1420-384B-4C27-B824-7ADFB8F1F567}.Release|iPhoneSimulator.Build.0 = Release|Any CPU
		{997D1420-384B-4C27-B824-7ADFB8F1F567}.Release|iPhoneSimulator.Deploy.0 = Release|Any CPU
		{943B6FAA-E32A-4DF2-9403-09557930457C}.Debug|Any CPU.ActiveCfg = Debug|iPhone
		{943B6FAA-E32A-4DF2-9403-09557930457C}.Debug|Any CPU.Build.0 = Debug|iPhone
		{943B6FAA-E32A-4DF2-9403-09557930457C}.Debug|Any CPU.Deploy.0 = Debug|iPhone
		{943B6FAA-E32A-4DF2-9403-09557930457C}.Debug|iPhone.ActiveCfg = Debug|iPhone
		{943B6FAA-E32A-4DF2-9403-09557930457C}.Debug|iPhone.Build.0 = Debug|iPhone
		{943B6FAA-E32A-4DF2-9403-09557930457C}.Debug|iPhone.Deploy.0 = Debug|iPhone
		{943B6FAA-E32A-4DF2-9403-09557930457C}.Debug|iPhoneSimulator.ActiveCfg = Debug|iPhoneSimulator
		{943B6FAA-E32A-4DF2-9403-09557930457C}.Debug|iPhoneSimulator.Build.0 = Debug|iPhoneSimulator
		{943B6FAA-E32A-4DF2-9403-09557930457C}.Debug|iPhoneSimulator.Deploy.0 = Debug|iPhoneSimulator
		{943B6FAA-E32A-4DF2-9403-09557930457C}.Release|Any CPU.ActiveCfg = Release|iPhoneSimulator
		{943B6FAA-E32A-4DF2-9403-09557930457C}.Release|Any CPU.Build.0 = Release|iPhoneSimulator
		{943B6FAA-E32A-4DF2-9403-09557930457C}.Release|Any CPU.Deploy.0 = Release|iPhoneSimulator
		{943B6FAA-E32A-4DF2-9403-09557930457C}.Release|iPhone.ActiveCfg = Release|iPhone
		{943B6FAA-E32A-4DF2-9403-09557930457C}.Release|iPhone.Build.0 = Release|iPhone
		{943B6FAA-E32A-4DF2-9403-09557930457C}.Release|iPhone.Deploy.0 = Release|iPhone
		{943B6FAA-E32A-4DF2-9403-09557930457C}.Release|iPhoneSimulator.ActiveCfg = Release|iPhoneSimulator
		{943B6FAA-E32A-4DF2-9403-09557930457C}.Release|iPhoneSimulator.Build.0 = Release|iPhoneSimulator
		{943B6FAA-E32A-4DF2-9403-09557930457C}.Release|iPhoneSimulator.Deploy.0 = Release|iPhoneSimulator
		{285FE28E-BF2F-471F-8D78-0F04311AF8A1}.Debug|Any CPU.ActiveCfg = Debug|Any CPU
		{285FE28E-BF2F-471F-8D78-0F04311AF8A1}.Debug|Any CPU.Build.0 = Debug|Any CPU
		{285FE28E-BF2F-471F-8D78-0F04311AF8A1}.Debug|Any CPU.Deploy.0 = Debug|Any CPU
		{285FE28E-BF2F-471F-8D78-0F04311AF8A1}.Debug|iPhone.ActiveCfg = Debug|Any CPU
		{285FE28E-BF2F-471F-8D78-0F04311AF8A1}.Debug|iPhone.Build.0 = Debug|Any CPU
		{285FE28E-BF2F-471F-8D78-0F04311AF8A1}.Debug|iPhone.Deploy.0 = Debug|Any CPU
		{285FE28E-BF2F-471F-8D78-0F04311AF8A1}.Debug|iPhoneSimulator.ActiveCfg = Debug|Any CPU
		{285FE28E-BF2F-471F-8D78-0F04311AF8A1}.Debug|iPhoneSimulator.Build.0 = Debug|Any CPU
		{285FE28E-BF2F-471F-8D78-0F04311AF8A1}.Debug|iPhoneSimulator.Deploy.0 = Debug|Any CPU
		{285FE28E-BF2F-471F-8D78-0F04311AF8A1}.Release|Any CPU.ActiveCfg = Release|Any CPU
		{285FE28E-BF2F-471F-8D78-0F04311AF8A1}.Release|Any CPU.Build.0 = Release|Any CPU
		{285FE28E-BF2F-471F-8D78-0F04311AF8A1}.Release|Any CPU.Deploy.0 = Release|Any CPU
		{285FE28E-BF2F-471F-8D78-0F04311AF8A1}.Release|iPhone.ActiveCfg = Release|Any CPU
		{285FE28E-BF2F-471F-8D78-0F04311AF8A1}.Release|iPhone.Build.0 = Release|Any CPU
		{285FE28E-BF2F-471F-8D78-0F04311AF8A1}.Release|iPhone.Deploy.0 = Release|Any CPU
		{285FE28E-BF2F-471F-8D78-0F04311AF8A1}.Release|iPhoneSimulator.ActiveCfg = Release|Any CPU
		{285FE28E-BF2F-471F-8D78-0F04311AF8A1}.Release|iPhoneSimulator.Build.0 = Release|Any CPU
		{285FE28E-BF2F-471F-8D78-0F04311AF8A1}.Release|iPhoneSimulator.Deploy.0 = Release|Any CPU
	EndGlobalSection
	GlobalSection(SolutionProperties) = preSolution
		HideSolutionNode = FALSE
	EndGlobalSection
	GlobalSection(ExtensibilityGlobals) = postSolution
		SolutionGuid = {3AC6624A-54E0-42CA-BAB1-1AF6C2B72932}
	EndGlobalSection
EndGlobal
